lockfileVersion: 5.3

specifiers:
  '@types/mustache': ^4.1.2
  '@types/node': ^17.0.12
  lodash.groupby: ^4.6.0
  mustache: ^3.0.1
  prettier: ^2.5.1
  typescript: ^4.5.5

dependencies:
  lodash.groupby: registry.npmmirror.com/lodash.groupby/4.6.0
  mustache: registry.npmmirror.com/mustache/3.2.1

devDependencies:
  '@types/mustache': registry.npmmirror.com/@types/mustache/4.1.2
  '@types/node': registry.npmmirror.com/@types/node/17.0.12
  prettier: registry.npmmirror.com/prettier/2.5.1
  typescript: registry.npmmirror.com/typescript/4.5.5

packages:

  registry.npmmirror.com/@types/mustache/4.1.2:
    resolution: {integrity: sha1-0OFYATyBZ0pbbYeAvD/iNOGATq8=, registry: https://registry.npm.taobao.org/, tarball: https://registry.npmmirror.com/@types/mustache/download/@types/mustache-4.1.2.tgz}
    name: '@types/mustache'
    version: 4.1.2
    dev: true

  registry.npmmirror.com/@types/node/17.0.12:
    resolution: {integrity: sha512-4YpbAsnJXWYK/fpTVFlMIcUIho2AYCi4wg5aNPrG1ng7fn/1/RZfCIpRCiBX+12RVa34RluilnvCqD+g3KiSiA==, registry: https://registry.npm.taobao.org/, tarball: https://registry.npmmirror.com/@types/node/download/@types/node-17.0.12.tgz}
    name: '@types/node'
    version: 17.0.12
    dev: true

  registry.npmmirror.com/lodash.groupby/4.6.0:
    resolution: {integrity: sha512-5dcWxm23+VAoz+awKmBaiBvzox8+RqMgFhi7UvX9DHZr2HdxHXM/Wrf8cfKpsW37RNrvtPn6hSwNqurSILbmJw==, registry: https://registry.npm.taobao.org/, tarball: https://registry.npmmirror.com/lodash.groupby/download/lodash.groupby-4.6.0.tgz}
    name: lodash.groupby
    version: 4.6.0
    dev: false

  registry.npmmirror.com/mustache/3.2.1:
    resolution: {integrity: sha512-RERvMFdLpaFfSRIEe632yDm5nsd0SDKn8hGmcUwswnyiE5mtdZLDybtHAz6hjJhawokF0hXvGLtx9mrQfm6FkA==, registry: https://registry.npm.taobao.org/, tarball: https://registry.npmmirror.com/mustache/download/mustache-3.2.1.tgz}
    name: mustache
    version: 3.2.1
    engines: {npm: '>=1.4.0'}
    hasBin: true
    dev: false

  registry.npmmirror.com/prettier/2.5.1:
    resolution: {integrity: sha512-vBZcPRUR5MZJwoyi3ZoyQlc1rXeEck8KgeC9AwwOn+exuxLxq5toTRDTSaVrXHxelDMHy9zlicw8u66yxoSUFg==, registry: https://registry.npm.taobao.org/, tarball: https://registry.npmmirror.com/prettier/download/prettier-2.5.1.tgz}
    name: prettier
    version: 2.5.1
    engines: {node: '>=10.13.0'}
    hasBin: true
    dev: true

  registry.npmmirror.com/typescript/4.5.5:
    resolution: {integrity: sha512-TCTIul70LyWe6IJWT8QSYeA54WQe8EjQFU4wY52Fasj5UKx88LNYKCgBEHcOMOrFF1rKGbD8v/xcNWVUq9SymA==, registry: https://registry.npm.taobao.org/, tarball: https://registry.npmmirror.com/typescript/download/typescript-4.5.5.tgz}
    name: typescript
    version: 4.5.5
    engines: {node: '>=4.2.0'}
    hasBin: true
    dev: true
