lockfileVersion: 5.3

specifiers:
  lodash.groupby: ^4.6.0
  mustache: ^3.0.1

dependencies:
  lodash.groupby: registry.npmmirror.com/lodash.groupby/4.6.0
  mustache: registry.npmmirror.com/mustache/3.2.1

packages:

  registry.npmmirror.com/lodash.groupby/4.6.0:
    resolution: {integrity: sha512-5dcWxm23+VAoz+awKmBaiBvzox8+RqMgFhi7UvX9DHZr2HdxHXM/Wrf8cfKpsW37RNrvtPn6hSwNqurSILbmJw==, registry: https://registry.npm.taobao.org/, tarball: https://registry.npmmirror.com/lodash.groupby/download/lodash.groupby-4.6.0.tgz}
    name: lodash.groupby
    version: 4.6.0
    dev: false

  registry.npmmirror.com/mustache/3.2.1:
    resolution: {integrity: sha512-RERvMFdLpaFfSRIEe632yDm5nsd0SDKn8hGmcUwswnyiE5mtdZLDybtHAz6hjJhawokF0hXvGLtx9mrQfm6FkA==, registry: https://registry.npm.taobao.org/, tarball: https://registry.npmmirror.com/mustache/download/mustache-3.2.1.tgz}
    name: mustache
    version: 3.2.1
    engines: {npm: '>=1.4.0'}
    hasBin: true
    dev: false
